// !$*UTF8*$!
{
	archiveVersion = 1;
	classes = {
	};
	objectVersion = 48;
	objects = {

/* Begin PBXBuildFile section */
		782984F01FFCB7D90060CA6A /* BaseCollectionCell.swift in Sources */ = {isa = PBXBuildFile; fileRef = 782984EF1FFCB7D90060CA6A /* BaseCollectionCell.swift */; };
		782984F21FFCF7D10060CA6A /* readme-screenshot.png in Resources */ = {isa = PBXBuildFile; fileRef = 782984F11FFCF7D00060CA6A /* readme-screenshot.png */; };
		783614C11FF6171900635C28 /* AppDelegate.swift in Sources */ = {isa = PBXBuildFile; fileRef = 783614C01FF6171900635C28 /* AppDelegate.swift */; };
		783614C31FF6171900635C28 /* ViewController.swift in Sources */ = {isa = PBXBuildFile; fileRef = 783614C21FF6171900635C28 /* ViewController.swift */; };
		783614C61FF6171900635C28 /* Main.storyboard in Resources */ = {isa = PBXBuildFile; fileRef = 783614C41FF6171900635C28 /* Main.storyboard */; };
		783614C81FF6171900635C28 /* Assets.xcassets in Resources */ = {isa = PBXBuildFile; fileRef = 783614C71FF6171900635C28 /* Assets.xcassets */; };
		783614CB1FF6171900635C28 /* LaunchScreen.storyboard in Resources */ = {isa = PBXBuildFile; fileRef = 783614C91FF6171900635C28 /* LaunchScreen.storyboard */; };
		783614D41FF618E400635C28 /* ChatOnboardingCell.swift in Sources */ = {isa = PBXBuildFile; fileRef = 783614D21FF618E400635C28 /* ChatOnboardingCell.swift */; };
		783614D51FF618E400635C28 /* ChatOnboardingCell.xib in Resources */ = {isa = PBXBuildFile; fileRef = 783614D31FF618E400635C28 /* ChatOnboardingCell.xib */; };
		783614D81FF61C2700635C28 /* CardCollectionViewCell.swift in Sources */ = {isa = PBXBuildFile; fileRef = 783614D61FF61C2700635C28 /* CardCollectionViewCell.swift */; };
		783614D91FF61C2700635C28 /* CardCollectionViewCell.xib in Resources */ = {isa = PBXBuildFile; fileRef = 783614D71FF61C2700635C28 /* CardCollectionViewCell.xib */; };
/* End PBXBuildFile section */

/* Begin PBXFileReference section */
		782984EF1FFCB7D90060CA6A /* BaseCollectionCell.swift */ = {isa = PBXFileReference; lastKnownFileType = sourcecode.swift; path = BaseCollectionCell.swift; sourceTree = "<group>"; };
		782984F11FFCF7D00060CA6A /* readme-screenshot.png */ = {isa = PBXFileReference; lastKnownFileType = image.png; path = "readme-screenshot.png"; sourceTree = "<group>"; };
		783614BD1FF6171900635C28 /* CollectionCards.app */ = {isa = PBXFileReference; explicitFileType = wrapper.application; includeInIndex = 0; path = CollectionCards.app; sourceTree = BUILT_PRODUCTS_DIR; };
		783614C01FF6171900635C28 /* AppDelegate.swift */ = {isa = PBXFileReference; lastKnownFileType = sourcecode.swift; path = AppDelegate.swift; sourceTree = "<group>"; };
		783614C21FF6171900635C28 /* ViewController.swift */ = {isa = PBXFileReference; lastKnownFileType = sourcecode.swift; path = ViewController.swift; sourceTree = "<group>"; };
		783614C51FF6171900635C28 /* Base */ = {isa = PBXFileReference; lastKnownFileType = file.storyboard; name = Base; path = Base.lproj/Main.storyboard; sourceTree = "<group>"; };
		783614C71FF6171900635C28 /* Assets.xcassets */ = {isa = PBXFileReference; lastKnownFileType = folder.assetcatalog; path = Assets.xcassets; sourceTree = "<group>"; };
		783614CA1FF6171900635C28 /* Base */ = {isa = PBXFileReference; lastKnownFileType = file.storyboard; name = Base; path = Base.lproj/LaunchScreen.storyboard; sourceTree = "<group>"; };
		783614CC1FF6171900635C28 /* Info.plist */ = {isa = PBXFileReference; lastKnownFileType = text.plist.xml; path = Info.plist; sourceTree = "<group>"; };
		783614D21FF618E400635C28 /* ChatOnboardingCell.swift */ = {isa = PBXFileReference; lastKnownFileType = sourcecode.swift; path = ChatOnboardingCell.swift; sourceTree = "<group>"; };
		783614D31FF618E400635C28 /* ChatOnboardingCell.xib */ = {isa = PBXFileReference; lastKnownFileType = file.xib; path = ChatOnboardingCell.xib; sourceTree = "<group>"; };
		783614D61FF61C2700635C28 /* CardCollectionViewCell.swift */ = {isa = PBXFileReference; lastKnownFileType = sourcecode.swift; path = CardCollectionViewCell.swift; sourceTree = "<group>"; };
		783614D71FF61C2700635C28 /* CardCollectionViewCell.xib */ = {isa = PBXFileReference; lastKnownFileType = file.xib; path = CardCollectionViewCell.xib; sourceTree = "<group>"; };
/* End PBXFileReference section */

/* Begin PBXFrameworksBuildPhase section */
		783614BA1FF6171900635C28 /* Frameworks */ = {
			isa = PBXFrameworksBuildPhase;
			buildActionMask = 2147483647;
			files = (
			);
			runOnlyForDeploymentPostprocessing = 0;
		};
/* End PBXFrameworksBuildPhase section */

/* Begin PBXGroup section */
		783614B41FF6171900635C28 = {
			isa = PBXGroup;
			children = (
				783614BF1FF6171900635C28 /* CollectionCards */,
				783614BE1FF6171900635C28 /* Products */,
			);
			sourceTree = "<group>";
		};
		783614BE1FF6171900635C28 /* Products */ = {
			isa = PBXGroup;
			children = (
				783614BD1FF6171900635C28 /* CollectionCards.app */,
			);
			name = Products;
			sourceTree = "<group>";
		};
		783614BF1FF6171900635C28 /* CollectionCards */ = {
			isa = PBXGroup;
			children = (
				782984F11FFCF7D00060CA6A /* readme-screenshot.png */,
				783614C01FF6171900635C28 /* AppDelegate.swift */,
				783614C21FF6171900635C28 /* ViewController.swift */,
				782984EF1FFCB7D90060CA6A /* BaseCollectionCell.swift */,
				783614C41FF6171900635C28 /* Main.storyboard */,
				783614D21FF618E400635C28 /* ChatOnboardingCell.swift */,
				783614D31FF618E400635C28 /* ChatOnboardingCell.xib */,
				783614D61FF61C2700635C28 /* CardCollectionViewCell.swift */,
				783614D71FF61C2700635C28 /* CardCollectionViewCell.xib */,
				783614C71FF6171900635C28 /* Assets.xcassets */,
				783614C91FF6171900635C28 /* LaunchScreen.storyboard */,
				783614CC1FF6171900635C28 /* Info.plist */,
			);
			path = CollectionCards;
			sourceTree = "<group>";
		};
/* End PBXGroup section */

/* Begin PBXNativeTarget section */
		783614BC1FF6171900635C28 /* CollectionCards */ = {
			isa = PBXNativeTarget;
			buildConfigurationList = 783614CF1FF6171900635C28 /* Build configuration list for PBXNativeTarget "CollectionCards" */;
			buildPhases = (
				783614B91FF6171900635C28 /* Sources */,
				783614BA1FF6171900635C28 /* Frameworks */,
				783614BB1FF6171900635C28 /* Resources */,
			);
			buildRules = (
			);
			dependencies = (
			);
			name = CollectionCards;
			productName = CollectionCards;
			productReference = 783614BD1FF6171900635C28 /* CollectionCards.app */;
			productType = "com.apple.product-type.application";
		};
/* End PBXNativeTarget section */

/* Begin PBXProject section */
		783614B51FF6171900635C28 /* Project object */ = {
			isa = PBXProject;
			attributes = {
				LastSwiftUpdateCheck = 0920;
				LastUpgradeCheck = 0920;
				ORGANIZATIONNAME = "Kamal Wadhwa";
				TargetAttributes = {
					783614BC1FF6171900635C28 = {
						CreatedOnToolsVersion = 9.2;
						ProvisioningStyle = Automatic;
					};
				};
			};
			buildConfigurationList = 783614B81FF6171900635C28 /* Build configuration list for PBXProject "CollectionCards" */;
			compatibilityVersion = "Xcode 8.0";
			developmentRegion = en;
			hasScannedForEncodings = 0;
			knownRegions = (
				en,
				Base,
			);
			mainGroup = 783614B41FF6171900635C28;
			productRefGroup = 783614BE1FF6171900635C28 /* Products */;
			projectDirPath = "";
			projectRoot = "";
			targets = (
				783614BC1FF6171900635C28 /* CollectionCards */,
			);
		};
/* End PBXProject section */

/* Begin PBXResourcesBuildPhase section */
		783614BB1FF6171900635C28 /* Resources */ = {
			isa = PBXResourcesBuildPhase;
			buildActionMask = 2147483647;
			files = (
				783614D51FF618E400635C28 /* ChatOnboardingCell.xib in Resources */,
				783614D91FF61C2700635C28 /* CardCollectionViewCell.xib in Resources */,
				783614CB1FF6171900635C28 /* LaunchScreen.storyboard in Resources */,
				783614C81FF6171900635C28 /* Assets.xcassets in Resources */,
				783614C61FF6171900635C28 /* Main.storyboard in Resources */,
				782984F21FFCF7D10060CA6A /* readme-screenshot.png in Resources */,
			);
			runOnlyForDeploymentPostprocessing = 0;
		};
/* End PBXResourcesBuildPhase section */

/* Begin PBXSourcesBuildPhase section */
		783614B91FF6171900635C28 /* Sources */ = {
			isa = PBXSourcesBuildPhase;
			buildActionMask = 2147483647;
			files = (
				782984F01FFCB7D90060CA6A /* BaseCollectionCell.swift in Sources */,
				783614D81FF61C2700635C28 /* CardCollectionViewCell.swift in Sources */,
				783614C31FF6171900635C28 /* ViewController.swift in Sources */,
				783614D41FF618E400635C28 /* ChatOnboardingCell.swift in Sources */,
				783614C11FF6171900635C28 /* AppDelegate.swift in Sources */,
			);
			runOnlyForDeploymentPostprocessing = 0;
		};
/* End PBXSourcesBuildPhase section */

/* Begin PBXVariantGroup section */
		783614C41FF6171900635C28 /* Main.storyboard */ = {
			isa = PBXVariantGroup;
			children = (
				783614C51FF6171900635C28 /* Base */,
			);
			name = Main.storyboard;
			sourceTree = "<group>";
		};
		783614C91FF6171900635C28 /* LaunchScreen.storyboard */ = {
			isa = PBXVariantGroup;
			children = (
				783614CA1FF6171900635C28 /* Base */,
			);
			name = LaunchScreen.storyboard;
			sourceTree = "<group>";
		};
/* End PBXVariantGroup section */

/* Begin XCBuildConfiguration section */
		783614CD1FF6171900635C28 /* Debug */ = {
			isa = XCBuildConfiguration;
			buildSettings = {
				ALWAYS_SEARCH_USER_PATHS = NO;
				CLANG_ANALYZER_NONNULL = YES;
				CLANG_ANALYZER_NUMBER_OBJECT_CONVERSION = YES_AGGRESSIVE;
				CLANG_CXX_LANGUAGE_STANDARD = "gnu++14";
				CLANG_CXX_LIBRARY = "libc++";
				CLANG_ENABLE_MODULES = YES;
				CLANG_ENABLE_OBJC_ARC = YES;
				CLANG_WARN_BLOCK_CAPTURE_AUTORELEASING = YES;
				CLANG_WARN_BOOL_CONVERSION = YES;
				CLANG_WARN_COMMA = YES;
				CLANG_WARN_CONSTANT_CONVERSION = YES;
				CLANG_WARN_DIRECT_OBJC_ISA_USAGE = YES_ERROR;
				CLANG_WARN_DOCUMENTATION_COMMENTS = YES;
				CLANG_WARN_EMPTY_BODY = YES;
				CLANG_WARN_ENUM_CONVERSION = YES;
				CLANG_WARN_INFINITE_RECURSION = YES;
				CLANG_WARN_INT_CONVERSION = YES;
				CLANG_WARN_NON_LITERAL_NULL_CONVERSION = YES;
				CLANG_WARN_OBJC_LITERAL_CONVERSION = YES;
				CLANG_WARN_OBJC_ROOT_CLASS = YES_ERROR;
				CLANG_WARN_RANGE_LOOP_ANALYSIS = YES;
				CLANG_WARN_STRICT_PROTOTYPES = YES;
				CLANG_WARN_SUSPICIOUS_MOVE = YES;
				CLANG_WARN_UNGUARDED_AVAILABILITY = YES_AGGRESSIVE;
				CLANG_WARN_UNREACHABLE_CODE = YES;
				CLANG_WARN__DUPLICATE_METHOD_MATCH = YES;
				CODE_SIGN_IDENTITY = "iPhone Developer";
				COPY_PHASE_STRIP = NO;
				DEBUG_INFORMATION_FORMAT = dwarf;
				ENABLE_STRICT_OBJC_MSGSEND = YES;
				ENABLE_TESTABILITY = YES;
				GCC_C_LANGUAGE_STANDARD = gnu11;
				GCC_DYNAMIC_NO_PIC = NO;
				GCC_NO_COMMON_BLOCKS = YES;
				GCC_OPTIMIZATION_LEVEL = 0;
				GCC_PREPROCESSOR_DEFINITIONS = (
					"DEBUG=1",
					"$(inherited)",
				);
				GCC_WARN_64_TO_32_BIT_CONVERSION = YES;
				GCC_WARN_ABOUT_RETURN_TYPE = YES_ERROR;
				GCC_WARN_UNDECLARED_SELECTOR = YES;
				GCC_WARN_UNINITIALIZED_AUTOS = YES_AGGRESSIVE;
				GCC_WARN_UNUSED_FUNCTION = YES;
				GCC_WARN_UNUSED_VARIABLE = YES;
				IPHONEOS_DEPLOYMENT_TARGET = 11.2;
				MTL_ENABLE_DEBUG_INFO = YES;
				ONLY_ACTIVE_ARCH = YES;
				SDKROOT = iphoneos;
				SWIFT_ACTIVE_COMPILATION_CONDITIONS = DEBUG;
				SWIFT_OPTIMIZATION_LEVEL = "-Onone";
			};
			name = Debug;
		};
		783614CE1FF6171900635C28 /* Release */ = {
			isa = XCBuildConfiguration;
			buildSettings = {
				ALWAYS_SEARCH_USER_PATHS = NO;
				CLANG_ANALYZER_NONNULL = YES;
				CLANG_ANALYZER_NUMBER_OBJECT_CONVERSION = YES_AGGRESSIVE;
				CLANG_CXX_LANGUAGE_STANDARD = "gnu++14";
				CLANG_CXX_LIBRARY = "libc++";
				CLANG_ENABLE_MODULES = YES;
				CLANG_ENABLE_OBJC_ARC = YES;
				CLANG_WARN_BLOCK_CAPTURE_AUTORELEASING = YES;
				CLANG_WARN_BOOL_CONVERSION = YES;
				CLANG_WARN_COMMA = YES;
				CLANG_WARN_CONSTANT_CONVERSION = YES;
				CLANG_WARN_DIRECT_OBJC_ISA_USAGE = YES_ERROR;
				CLANG_WARN_DOCUMENTATION_COMMENTS = YES;
				CLANG_WARN_EMPTY_BODY = YES;
				CLANG_WARN_ENUM_CONVERSION = YES;
				CLANG_WARN_INFINITE_RECURSION = YES;
				CLANG_WARN_INT_CONVERSION = YES;
				CLANG_WARN_NON_LITERAL_NULL_CONVERSION = YES;
				CLANG_WARN_OBJC_LITERAL_CONVERSION = YES;
				CLANG_WARN_OBJC_ROOT_CLASS = YES_ERROR;
				CLANG_WARN_RANGE_LOOP_ANALYSIS = YES;
				CLANG_WARN_STRICT_PROTOTYPES = YES;
				CLANG_WARN_SUSPICIOUS_MOVE = YES;
				CLANG_WARN_UNGUARDED_AVAILABILITY = YES_AGGRESSIVE;
				CLANG_WARN_UNREACHABLE_CODE = YES;
				CLANG_WARN__DUPLICATE_METHOD_MATCH = YES;
				CODE_SIGN_IDENTITY = "iPhone Developer";
				COPY_PHASE_STRIP = NO;
				DEBUG_INFORMATION_FORMAT = "dwarf-with-dsym";
				ENABLE_NS_ASSERTIONS = NO;
				ENABLE_STRICT_OBJC_MSGSEND = YES;
				GCC_C_LANGUAGE_STANDARD = gnu11;
				GCC_NO_COMMON_BLOCKS = YES;
				GCC_WARN_64_TO_32_BIT_CONVERSION = YES;
				GCC_WARN_ABOUT_RETURN_TYPE = YES_ERROR;
				GCC_WARN_UNDECLARED_SELECTOR = YES;
				GCC_WARN_UNINITIALIZED_AUTOS = YES_AGGRESSIVE;
				GCC_WARN_UNUSED_FUNCTION = YES;
				GCC_WARN_UNUSED_VARIABLE = YES;
				IPHONEOS_DEPLOYMENT_TARGET = 11.2;
				MTL_ENABLE_DEBUG_INFO = NO;
				SDKROOT = iphoneos;
				SWIFT_OPTIMIZATION_LEVEL = "-Owholemodule";
				VALIDATE_PRODUCT = YES;
			};
			name = Release;
		};
		783614D01FF6171900635C28 /* Debug */ = {
			isa = XCBuildConfiguration;
			buildSettings = {
				ASSETCATALOG_COMPILER_APPICON_NAME = AppIcon;
				CODE_SIGN_STYLE = Automatic;
				DEVELOPMENT_TEAM = TAKL7MC98L;
				INFOPLIST_FILE = CollectionCards/Info.plist;
				LD_RUNPATH_SEARCH_PATHS = "$(inherited) @executable_path/Frameworks";
				PRODUCT_BUNDLE_IDENTIFIER = me.kamalwadhwa.CollectionCards;
				PRODUCT_NAME = "$(TARGET_NAME)";
				SWIFT_VERSION = 4.0;
				TARGETED_DEVICE_FAMILY = "1,2";
			};
			name = Debug;
		};
		783614D11FF6171900635C28 /* Release */ = {
			isa = XCBuildConfiguration;
			buildSettings = {
				ASSETCATALOG_COMPILER_APPICON_NAME = AppIcon;
				CODE_SIGN_STYLE = Automatic;
				DEVELOPMENT_TEAM = TAKL7MC98L;
				INFOPLIST_FILE = CollectionCards/Info.plist;
				LD_RUNPATH_SEARCH_PATHS = "$(inherited) @executable_path/Frameworks";
				PRODUCT_BUNDLE_IDENTIFIER = me.kamalwadhwa.CollectionCards;
				PRODUCT_NAME = "$(TARGET_NAME)";
				SWIFT_VERSION = 4.0;
				TARGETED_DEVICE_FAMILY = "1,2";
			};
			name = Release;
		};
/* End XCBuildConfiguration section */

/* Begin XCConfigurationList section */
		783614B81FF6171900635C28 /* Build configuration list for PBXProject "CollectionCards" */ = {
			isa = XCConfigurationList;
			buildConfigurations = (
				783614CD1FF6171900635C28 /* Debug */,
				783614CE1FF6171900635C28 /* Release */,
			);
			defaultConfigurationIsVisible = 0;
			defaultConfigurationName = Release;
		};
		783614CF1FF6171900635C28 /* Build configuration list for PBXNativeTarget "CollectionCards" */ = {
			isa = XCConfigurationList;
			buildConfigurations = (
				783614D01FF6171900635C28 /* Debug */,
				783614D11FF6171900635C28 /* Release */,
			);
			defaultConfigurationIsVisible = 0;
			defaultConfigurationName = Release;
		};
/* End XCConfigurationList section */
	};
	rootObject = 783614B51FF6171900635C28 /* Project object */;
}
